
Microsoft Visual Studio Solution File, Format Version 12.00
# Visual Studio Version 17
VisualStudioVersion = 17.14.36310.24
MinimumVisualStudioVersion = 10.0.40219.1
Project("{FAE04EC0-301F-11D3-BF4B-00C04F79EFBC}") = "PackageDeliverySystem", "PackageDeliverySystem\PackageDeliverySystem.csproj", "{8A642F8E-CA89-4BEF-8308-11709DB7000B}"
EndProject
Project("{FAE04EC0-301F-11D3-BF4B-00C04F79EFBC}") = "PackageDeliverySystem.DataAccess", "PackageDeliverySystem.DataAccess\PackageDeliverySystem.DataAccess.csproj", "{C1357364-6686-4A86-9F61-9BF4736A90D1}"
EndProject
Project("{FAE04EC0-301F-11D3-BF4B-00C04F79EFBC}") = "PackageDeliverySystem.Models", "PackageDeliverySystem.Models\PackageDeliverySystem.Models.csproj", "{F2B07F2C-A494-42A0-93C1-74D2445BFE38}"
EndProject
Project("{FAE04EC0-301F-11D3-BF4B-00C04F79EFBC}") = "PackageDeliverySystem.Services", "PackageDeliverySystem.Services\PackageDeliverySystem.Services.csproj", "{492156E1-3DFD-4A2E-A685-0365A6C5D398}"
EndProject
Global
	GlobalSection(SolutionConfigurationPlatforms) = preSolution
		Debug|Any CPU = Debug|Any CPU
		Release|Any CPU = Release|Any CPU
	EndGlobalSection
	GlobalSection(ProjectConfigurationPlatforms) = postSolution
		{8A642F8E-CA89-4BEF-8308-11709DB7000B}.Debug|Any CPU.ActiveCfg = Debug|Any CPU
		{8A642F8E-CA89-4BEF-8308-11709DB7000B}.Debug|Any CPU.Build.0 = Debug|Any CPU
		{8A642F8E-CA89-4BEF-8308-11709DB7000B}.Release|Any CPU.ActiveCfg = Release|Any CPU
		{8A642F8E-CA89-4BEF-8308-11709DB7000B}.Release|Any CPU.Build.0 = Release|Any CPU
		{C1357364-6686-4A86-9F61-9BF4736A90D1}.Debug|Any CPU.ActiveCfg = Debug|Any CPU
		{C1357364-6686-4A86-9F61-9BF4736A90D1}.Debug|Any CPU.Build.0 = Debug|Any CPU
		{C1357364-6686-4A86-9F61-9BF4736A90D1}.Release|Any CPU.ActiveCfg = Release|Any CPU
		{C1357364-6686-4A86-9F61-9BF4736A90D1}.Release|Any CPU.Build.0 = Release|Any CPU
		{F2B07F2C-A494-42A0-93C1-74D2445BFE38}.Debug|Any CPU.ActiveCfg = Debug|Any CPU
		{F2B07F2C-A494-42A0-93C1-74D2445BFE38}.Debug|Any CPU.Build.0 = Debug|Any CPU
		{F2B07F2C-A494-42A0-93C1-74D2445BFE38}.Release|Any CPU.ActiveCfg = Release|Any CPU
		{F2B07F2C-A494-42A0-93C1-74D2445BFE38}.Release|Any CPU.Build.0 = Release|Any CPU
		{492156E1-3DFD-4A2E-A685-0365A6C5D398}.Debug|Any CPU.ActiveCfg = Debug|Any CPU
		{492156E1-3DFD-4A2E-A685-0365A6C5D398}.Debug|Any CPU.Build.0 = Debug|Any CPU
		{492156E1-3DFD-4A2E-A685-0365A6C5D398}.Release|Any CPU.ActiveCfg = Release|Any CPU
		{492156E1-3DFD-4A2E-A685-0365A6C5D398}.Release|Any CPU.Build.0 = Release|Any CPU
	EndGlobalSection
	GlobalSection(SolutionProperties) = preSolution
		HideSolutionNode = FALSE
	EndGlobalSection
	GlobalSection(ExtensibilityGlobals) = postSolution
		SolutionGuid = {09433B44-101F-4BD1-BAD2-5C2233F3917A}
	EndGlobalSection
EndGlobal
